
Microsoft Visual Studio Solution File, Format Version 12.00
# Visual Studio Version 16
VisualStudioVersion = 16.0.31702.278
MinimumVisualStudioVersion = 10.0.40219.1
Project("{FAE04EC0-301F-11D3-BF4B-00C04F79EFBC}") = "HRlib", "HRlib\HRlib.csproj", "{B1016ECF-9992-4F9E-916D-27C28B1EEB63}"
EndProject
Project("{FAE04EC0-301F-11D3-BF4B-00C04F79EFBC}") = "ABCcorporation", "ABCcorporation\ABCcorporation.csproj", "{9EE89807-34A4-40D7-98A5-17E534BD5BD9}"
EndProject
Global
	GlobalSection(SolutionConfigurationPlatforms) = preSolution
		Debug|Any CPU = Debug|Any CPU
		Release|Any CPU = Release|Any CPU
	EndGlobalSection
	GlobalSection(ProjectConfigurationPlatforms) = postSolution
		{B1016ECF-9992-4F9E-916D-27C28B1EEB63}.Debug|Any CPU.ActiveCfg = Debug|Any CPU
		{B1016ECF-9992-4F9E-916D-27C28B1EEB63}.Debug|Any CPU.Build.0 = Debug|Any CPU
		{B1016ECF-9992-4F9E-916D-27C28B1EEB63}.Release|Any CPU.ActiveCfg = Release|Any CPU
		{B1016ECF-9992-4F9E-916D-27C28B1EEB63}.Release|Any CPU.Build.0 = Release|Any CPU
		{9EE89807-34A4-40D7-98A5-17E534BD5BD9}.Debug|Any CPU.ActiveCfg = Debug|Any CPU
		{9EE89807-34A4-40D7-98A5-17E534BD5BD9}.Debug|Any CPU.Build.0 = Debug|Any CPU
		{9EE89807-34A4-40D7-98A5-17E534BD5BD9}.Release|Any CPU.ActiveCfg = Release|Any CPU
		{9EE89807-34A4-40D7-98A5-17E534BD5BD9}.Release|Any CPU.Build.0 = Release|Any CPU
	EndGlobalSection
	GlobalSection(SolutionProperties) = preSolution
		HideSolutionNode = FALSE
	EndGlobalSection
	GlobalSection(ExtensibilityGlobals) = postSolution
		SolutionGuid = {48016C28-0D41-4C03-874B-D213938D7F38}
	EndGlobalSection
EndGlobal
